
Microsoft Visual Studio Solution File, Format Version 10.00
# Visual Studio 2008
Project("{8BC9CEB8-8B4A-11D0-8D11-00A0C91BC942}") = "Coconut", "Coconut.vcproj", "{20CB5AD6-7F7C-44B7-8CB0-E79FA54C0374}"
	ProjectSection(ProjectDependencies) = postProject
		{B748CF27-B5D2-4EC8-AFE2-E7DAAD70B95C} = {B748CF27-B5D2-4EC8-AFE2-E7DAAD70B95C}
		{AD344EE5-86D6-4BD8-BE94-58C10F3E8957} = {AD344EE5-86D6-4BD8-BE94-58C10F3E8957}
	EndProjectSection
EndProject
Project("{8BC9CEB8-8B4A-11D0-8D11-00A0C91BC942}") = "TcpEchoServer", "Examples\TcpEchoServer\TcpEchoServer.vcproj", "{7657F7E2-99DE-4B91-8643-95719C86FFBC}"
	ProjectSection(ProjectDependencies) = postProject
		{B748CF27-B5D2-4EC8-AFE2-E7DAAD70B95C} = {B748CF27-B5D2-4EC8-AFE2-E7DAAD70B95C}
		{20CB5AD6-7F7C-44B7-8CB0-E79FA54C0374} = {20CB5AD6-7F7C-44B7-8CB0-E79FA54C0374}
		{AD344EE5-86D6-4BD8-BE94-58C10F3E8957} = {AD344EE5-86D6-4BD8-BE94-58C10F3E8957}
	EndProjectSection
EndProject
Project("{8BC9CEB8-8B4A-11D0-8D11-00A0C91BC942}") = "hiredis", "hiredis.vcproj", "{AD344EE5-86D6-4BD8-BE94-58C10F3E8957}"
EndProject
Project("{8BC9CEB8-8B4A-11D0-8D11-00A0C91BC942}") = "libevent", "libevent.vcproj", "{B748CF27-B5D2-4EC8-AFE2-E7DAAD70B95C}"
EndProject
Global
	GlobalSection(SolutionConfigurationPlatforms) = preSolution
		Debug|Win32 = Debug|Win32
		Release|Win32 = Release|Win32
	EndGlobalSection
	GlobalSection(ProjectConfigurationPlatforms) = postSolution
		{20CB5AD6-7F7C-44B7-8CB0-E79FA54C0374}.Debug|Win32.ActiveCfg = Debug|Win32
		{20CB5AD6-7F7C-44B7-8CB0-E79FA54C0374}.Debug|Win32.Build.0 = Debug|Win32
		{20CB5AD6-7F7C-44B7-8CB0-E79FA54C0374}.Release|Win32.ActiveCfg = Release|Win32
		{20CB5AD6-7F7C-44B7-8CB0-E79FA54C0374}.Release|Win32.Build.0 = Release|Win32
		{7657F7E2-99DE-4B91-8643-95719C86FFBC}.Debug|Win32.ActiveCfg = Debug|Win32
		{7657F7E2-99DE-4B91-8643-95719C86FFBC}.Debug|Win32.Build.0 = Debug|Win32
		{7657F7E2-99DE-4B91-8643-95719C86FFBC}.Release|Win32.ActiveCfg = Release|Win32
		{7657F7E2-99DE-4B91-8643-95719C86FFBC}.Release|Win32.Build.0 = Release|Win32
		{AD344EE5-86D6-4BD8-BE94-58C10F3E8957}.Debug|Win32.ActiveCfg = Debug|Win32
		{AD344EE5-86D6-4BD8-BE94-58C10F3E8957}.Debug|Win32.Build.0 = Debug|Win32
		{AD344EE5-86D6-4BD8-BE94-58C10F3E8957}.Release|Win32.ActiveCfg = Release|Win32
		{AD344EE5-86D6-4BD8-BE94-58C10F3E8957}.Release|Win32.Build.0 = Release|Win32
		{B748CF27-B5D2-4EC8-AFE2-E7DAAD70B95C}.Debug|Win32.ActiveCfg = Debug|Win32
		{B748CF27-B5D2-4EC8-AFE2-E7DAAD70B95C}.Debug|Win32.Build.0 = Debug|Win32
		{B748CF27-B5D2-4EC8-AFE2-E7DAAD70B95C}.Release|Win32.ActiveCfg = Release|Win32
		{B748CF27-B5D2-4EC8-AFE2-E7DAAD70B95C}.Release|Win32.Build.0 = Release|Win32
	EndGlobalSection
	GlobalSection(SolutionProperties) = preSolution
		HideSolutionNode = FALSE
	EndGlobalSection
EndGlobal
